// !$*UTF8*$!
{
	archiveVersion = 1;
	classes = {
	};
	objectVersion = 56;
	objects = {

/* Begin PBXBuildFile section */
		CC8880072A4DBE4300FF043F /* AppDelegate.swift in Sources */ = {isa = PBXBuildFile; fileRef = CC8880062A4DBE4300FF043F /* AppDelegate.swift */; };
		CC8880092A4DBE4300FF043F /* SceneDelegate.swift in Sources */ = {isa = PBXBuildFile; fileRef = CC8880082A4DBE4300FF043F /* SceneDelegate.swift */; };
		CC88800E2A4DBE4300FF043F /* Main.storyboard in Resources */ = {isa = PBXBuildFile; fileRef = CC88800C2A4DBE4300FF043F /* Main.storyboard */; };
		CC8880102A4DBE4400FF043F /* Assets.xcassets in Resources */ = {isa = PBXBuildFile; fileRef = CC88800F2A4DBE4400FF043F /* Assets.xcassets */; };
		CC8880132A4DBE4400FF043F /* LaunchScreen.storyboard in Resources */ = {isa = PBXBuildFile; fileRef = CC8880112A4DBE4400FF043F /* LaunchScreen.storyboard */; };
		CC8880332A4DE95500FF043F /* Registration.storyboard in Resources */ = {isa = PBXBuildFile; fileRef = CC8880322A4DE95500FF043F /* Registration.storyboard */; };
		CC8880372A4DEBA500FF043F /* SignInViewController.swift in Sources */ = {isa = PBXBuildFile; fileRef = CC8880362A4DEBA500FF043F /* SignInViewController.swift */; };
		CC8880392A4DEBB200FF043F /* SignUpViewController.swift in Sources */ = {isa = PBXBuildFile; fileRef = CC8880382A4DEBB200FF043F /* SignUpViewController.swift */; };
		CC8880442A4DF4C800FF043F /* GmailTabBarController.swift in Sources */ = {isa = PBXBuildFile; fileRef = CC8880432A4DF4C800FF043F /* GmailTabBarController.swift */; };
		CC8880462A4DF4F200FF043F /* GmailsViewController.swift in Sources */ = {isa = PBXBuildFile; fileRef = CC8880452A4DF4F200FF043F /* GmailsViewController.swift */; };
		CC8880482A4DF52C00FF043F /* MeetsViewController.swift in Sources */ = {isa = PBXBuildFile; fileRef = CC8880472A4DF52C00FF043F /* MeetsViewController.swift */; };
		CC88804B2A4DFC7400FF043F /* Gmail.swift in Sources */ = {isa = PBXBuildFile; fileRef = CC88804A2A4DFC7400FF043F /* Gmail.swift */; };
		CC8880572A4E00EB00FF043F /* GmailsHeaderView.swift in Sources */ = {isa = PBXBuildFile; fileRef = CC8880552A4E00EB00FF043F /* GmailsHeaderView.swift */; };
		CC8880582A4E00EB00FF043F /* GmailsHeaderView.xib in Resources */ = {isa = PBXBuildFile; fileRef = CC8880562A4E00EB00FF043F /* GmailsHeaderView.xib */; };
		CC88805B2A4E083500FF043F /* GmailsCell.swift in Sources */ = {isa = PBXBuildFile; fileRef = CC8880592A4E083500FF043F /* GmailsCell.swift */; };
		CC88805C2A4E083500FF043F /* GmailsCell.xib in Resources */ = {isa = PBXBuildFile; fileRef = CC88805A2A4E083500FF043F /* GmailsCell.xib */; };
		CC88806B2A4E1AEA00FF043F /* MeetsCell.swift in Sources */ = {isa = PBXBuildFile; fileRef = CC8880692A4E1AEA00FF043F /* MeetsCell.swift */; };
		CC88806C2A4E1AEA00FF043F /* MeetsCell.xib in Resources */ = {isa = PBXBuildFile; fileRef = CC88806A2A4E1AEA00FF043F /* MeetsCell.xib */; };
		CC8880722A4E4F0B00FF043F /* Meets.swift in Sources */ = {isa = PBXBuildFile; fileRef = CC8880712A4E4F0B00FF043F /* Meets.swift */; };
/* End PBXBuildFile section */

/* Begin PBXFileReference section */
		CC8880032A4DBE4300FF043F /* Gmail.app */ = {isa = PBXFileReference; explicitFileType = wrapper.application; includeInIndex = 0; path = Gmail.app; sourceTree = BUILT_PRODUCTS_DIR; };
		CC8880062A4DBE4300FF043F /* AppDelegate.swift */ = {isa = PBXFileReference; lastKnownFileType = sourcecode.swift; path = AppDelegate.swift; sourceTree = "<group>"; };
		CC8880082A4DBE4300FF043F /* SceneDelegate.swift */ = {isa = PBXFileReference; lastKnownFileType = sourcecode.swift; path = SceneDelegate.swift; sourceTree = "<group>"; };
		CC88800D2A4DBE4300FF043F /* Base */ = {isa = PBXFileReference; lastKnownFileType = file.storyboard; name = Base; path = Base.lproj/Main.storyboard; sourceTree = "<group>"; };
		CC88800F2A4DBE4400FF043F /* Assets.xcassets */ = {isa = PBXFileReference; lastKnownFileType = folder.assetcatalog; path = Assets.xcassets; sourceTree = "<group>"; };
		CC8880122A4DBE4400FF043F /* Base */ = {isa = PBXFileReference; lastKnownFileType = file.storyboard; name = Base; path = Base.lproj/LaunchScreen.storyboard; sourceTree = "<group>"; };
		CC8880142A4DBE4400FF043F /* Info.plist */ = {isa = PBXFileReference; lastKnownFileType = text.plist.xml; path = Info.plist; sourceTree = "<group>"; };
		CC8880322A4DE95500FF043F /* Registration.storyboard */ = {isa = PBXFileReference; lastKnownFileType = file.storyboard; path = Registration.storyboard; sourceTree = "<group>"; };
		CC8880362A4DEBA500FF043F /* SignInViewController.swift */ = {isa = PBXFileReference; lastKnownFileType = sourcecode.swift; path = SignInViewController.swift; sourceTree = "<group>"; };
		CC8880382A4DEBB200FF043F /* SignUpViewController.swift */ = {isa = PBXFileReference; lastKnownFileType = sourcecode.swift; path = SignUpViewController.swift; sourceTree = "<group>"; };
		CC8880432A4DF4C800FF043F /* GmailTabBarController.swift */ = {isa = PBXFileReference; lastKnownFileType = sourcecode.swift; path = GmailTabBarController.swift; sourceTree = "<group>"; };
		CC8880452A4DF4F200FF043F /* GmailsViewController.swift */ = {isa = PBXFileReference; lastKnownFileType = sourcecode.swift; path = GmailsViewController.swift; sourceTree = "<group>"; };
		CC8880472A4DF52C00FF043F /* MeetsViewController.swift */ = {isa = PBXFileReference; lastKnownFileType = sourcecode.swift; path = MeetsViewController.swift; sourceTree = "<group>"; };
		CC88804A2A4DFC7400FF043F /* Gmail.swift */ = {isa = PBXFileReference; lastKnownFileType = sourcecode.swift; path = Gmail.swift; sourceTree = "<group>"; };
		CC8880552A4E00EB00FF043F /* GmailsHeaderView.swift */ = {isa = PBXFileReference; lastKnownFileType = sourcecode.swift; path = GmailsHeaderView.swift; sourceTree = "<group>"; };
		CC8880562A4E00EB00FF043F /* GmailsHeaderView.xib */ = {isa = PBXFileReference; lastKnownFileType = file.xib; path = GmailsHeaderView.xib; sourceTree = "<group>"; };
		CC8880592A4E083500FF043F /* GmailsCell.swift */ = {isa = PBXFileReference; lastKnownFileType = sourcecode.swift; path = GmailsCell.swift; sourceTree = "<group>"; };
		CC88805A2A4E083500FF043F /* GmailsCell.xib */ = {isa = PBXFileReference; lastKnownFileType = file.xib; path = GmailsCell.xib; sourceTree = "<group>"; };
		CC8880692A4E1AEA00FF043F /* MeetsCell.swift */ = {isa = PBXFileReference; lastKnownFileType = sourcecode.swift; path = MeetsCell.swift; sourceTree = "<group>"; };
		CC88806A2A4E1AEA00FF043F /* MeetsCell.xib */ = {isa = PBXFileReference; lastKnownFileType = file.xib; path = MeetsCell.xib; sourceTree = "<group>"; };
		CC8880712A4E4F0B00FF043F /* Meets.swift */ = {isa = PBXFileReference; lastKnownFileType = sourcecode.swift; path = Meets.swift; sourceTree = "<group>"; };
/* End PBXFileReference section */

/* Begin PBXFrameworksBuildPhase section */
		CC8880002A4DBE4300FF043F /* Frameworks */ = {
			isa = PBXFrameworksBuildPhase;
			buildActionMask = 2147483647;
			files = (
			);
			runOnlyForDeploymentPostprocessing = 0;
		};
/* End PBXFrameworksBuildPhase section */

/* Begin PBXGroup section */
		CC887FFA2A4DBE4300FF043F = {
			isa = PBXGroup;
			children = (
				CC8880052A4DBE4300FF043F /* Gmail */,
				CC8880042A4DBE4300FF043F /* Products */,
			);
			sourceTree = "<group>";
		};
		CC8880042A4DBE4300FF043F /* Products */ = {
			isa = PBXGroup;
			children = (
				CC8880032A4DBE4300FF043F /* Gmail.app */,
			);
			name = Products;
			sourceTree = "<group>";
		};
		CC8880052A4DBE4300FF043F /* Gmail */ = {
			isa = PBXGroup;
			children = (
				CC8880062A4DBE4300FF043F /* AppDelegate.swift */,
				CC8880082A4DBE4300FF043F /* SceneDelegate.swift */,
				CC8880342A4DEB3300FF043F /* Registration */,
				CC88803A2A4DEE2200FF043F /* GmailHome */,
				CC88801A2A4DBEC100FF043F /* Controllers */,
				CC88801C2A4DBEEA00FF043F /* Models */,
				CC88800C2A4DBE4300FF043F /* Main.storyboard */,
				CC88800F2A4DBE4400FF043F /* Assets.xcassets */,
				CC8880112A4DBE4400FF043F /* LaunchScreen.storyboard */,
				CC8880142A4DBE4400FF043F /* Info.plist */,
			);
			path = Gmail;
			sourceTree = "<group>";
		};
		CC88801A2A4DBEC100FF043F /* Controllers */ = {
			isa = PBXGroup;
			children = (
			);
			path = Controllers;
			sourceTree = "<group>";
		};
		CC88801C2A4DBEEA00FF043F /* Models */ = {
			isa = PBXGroup;
			children = (
			);
			path = Models;
			sourceTree = "<group>";
		};
		CC8880342A4DEB3300FF043F /* Registration */ = {
			isa = PBXGroup;
			children = (
				CC8880322A4DE95500FF043F /* Registration.storyboard */,
				CC8880362A4DEBA500FF043F /* SignInViewController.swift */,
				CC8880382A4DEBB200FF043F /* SignUpViewController.swift */,
			);
			path = Registration;
			sourceTree = "<group>";
		};
		CC88803A2A4DEE2200FF043F /* GmailHome */ = {
			isa = PBXGroup;
			children = (
				CC8880432A4DF4C800FF043F /* GmailTabBarController.swift */,
				CC88805E2A4E168D00FF043F /* Gmails */,
				CC88805F2A4E16E000FF043F /* Meets */,
			);
			path = GmailHome;
			sourceTree = "<group>";
		};
		CC8880492A4DFC5B00FF043F /* Models */ = {
			isa = PBXGroup;
			children = (
				CC88804A2A4DFC7400FF043F /* Gmail.swift */,
			);
			path = Models;
			sourceTree = "<group>";
		};
		CC88804E2A4DFE0200FF043F /* Views */ = {
			isa = PBXGroup;
			children = (
				CC8880552A4E00EB00FF043F /* GmailsHeaderView.swift */,
				CC8880562A4E00EB00FF043F /* GmailsHeaderView.xib */,
				CC8880592A4E083500FF043F /* GmailsCell.swift */,
				CC88805A2A4E083500FF043F /* GmailsCell.xib */,
			);
			path = Views;
			sourceTree = "<group>";
		};
		CC88805E2A4E168D00FF043F /* Gmails */ = {
			isa = PBXGroup;
			children = (
				CC8880452A4DF4F200FF043F /* GmailsViewController.swift */,
				CC88804E2A4DFE0200FF043F /* Views */,
				CC8880492A4DFC5B00FF043F /* Models */,
			);
			path = Gmails;
			sourceTree = "<group>";
		};
		CC88805F2A4E16E000FF043F /* Meets */ = {
			isa = PBXGroup;
			children = (
				CC8880472A4DF52C00FF043F /* MeetsViewController.swift */,
				CC8880602A4E16ED00FF043F /* Views */,
				CC8880612A4E16F200FF043F /* Models */,
			);
			path = Meets;
			sourceTree = "<group>";
		};
		CC8880602A4E16ED00FF043F /* Views */ = {
			isa = PBXGroup;
			children = (
				CC8880692A4E1AEA00FF043F /* MeetsCell.swift */,
				CC88806A2A4E1AEA00FF043F /* MeetsCell.xib */,
			);
			path = Views;
			sourceTree = "<group>";
		};
		CC8880612A4E16F200FF043F /* Models */ = {
			isa = PBXGroup;
			children = (
				CC8880712A4E4F0B00FF043F /* Meets.swift */,
			);
			path = Models;
			sourceTree = "<group>";
		};
/* End PBXGroup section */

/* Begin PBXNativeTarget section */
		CC8880022A4DBE4300FF043F /* Gmail */ = {
			isa = PBXNativeTarget;
			buildConfigurationList = CC8880172A4DBE4400FF043F /* Build configuration list for PBXNativeTarget "Gmail" */;
			buildPhases = (
				CC887FFF2A4DBE4300FF043F /* Sources */,
				CC8880002A4DBE4300FF043F /* Frameworks */,
				CC8880012A4DBE4300FF043F /* Resources */,
			);
			buildRules = (
			);
			dependencies = (
			);
			name = Gmail;
			productName = Gmail;
			productReference = CC8880032A4DBE4300FF043F /* Gmail.app */;
			productType = "com.apple.product-type.application";
		};
/* End PBXNativeTarget section */

/* Begin PBXProject section */
		CC887FFB2A4DBE4300FF043F /* Project object */ = {
			isa = PBXProject;
			attributes = {
				BuildIndependentTargetsInParallel = 1;
				LastSwiftUpdateCheck = 1430;
				LastUpgradeCheck = 1430;
				TargetAttributes = {
					CC8880022A4DBE4300FF043F = {
						CreatedOnToolsVersion = 14.3.1;
					};
				};
			};
			buildConfigurationList = CC887FFE2A4DBE4300FF043F /* Build configuration list for PBXProject "Gmail" */;
			compatibilityVersion = "Xcode 14.0";
			developmentRegion = en;
			hasScannedForEncodings = 0;
			knownRegions = (
				en,
				Base,
			);
			mainGroup = CC887FFA2A4DBE4300FF043F;
			productRefGroup = CC8880042A4DBE4300FF043F /* Products */;
			projectDirPath = "";
			projectRoot = "";
			targets = (
				CC8880022A4DBE4300FF043F /* Gmail */,
			);
		};
/* End PBXProject section */

/* Begin PBXResourcesBuildPhase section */
		CC8880012A4DBE4300FF043F /* Resources */ = {
			isa = PBXResourcesBuildPhase;
			buildActionMask = 2147483647;
			files = (
				CC88805C2A4E083500FF043F /* GmailsCell.xib in Resources */,
				CC8880132A4DBE4400FF043F /* LaunchScreen.storyboard in Resources */,
				CC8880332A4DE95500FF043F /* Registration.storyboard in Resources */,
				CC88806C2A4E1AEA00FF043F /* MeetsCell.xib in Resources */,
				CC8880102A4DBE4400FF043F /* Assets.xcassets in Resources */,
				CC8880582A4E00EB00FF043F /* GmailsHeaderView.xib in Resources */,
				CC88800E2A4DBE4300FF043F /* Main.storyboard in Resources */,
			);
			runOnlyForDeploymentPostprocessing = 0;
		};
/* End PBXResourcesBuildPhase section */

/* Begin PBXSourcesBuildPhase section */
		CC887FFF2A4DBE4300FF043F /* Sources */ = {
			isa = PBXSourcesBuildPhase;
			buildActionMask = 2147483647;
			files = (
				CC8880722A4E4F0B00FF043F /* Meets.swift in Sources */,
				CC88806B2A4E1AEA00FF043F /* MeetsCell.swift in Sources */,
				CC88804B2A4DFC7400FF043F /* Gmail.swift in Sources */,
				CC8880442A4DF4C800FF043F /* GmailTabBarController.swift in Sources */,
				CC88805B2A4E083500FF043F /* GmailsCell.swift in Sources */,
				CC8880072A4DBE4300FF043F /* AppDelegate.swift in Sources */,
				CC8880462A4DF4F200FF043F /* GmailsViewController.swift in Sources */,
				CC8880572A4E00EB00FF043F /* GmailsHeaderView.swift in Sources */,
				CC8880092A4DBE4300FF043F /* SceneDelegate.swift in Sources */,
				CC8880392A4DEBB200FF043F /* SignUpViewController.swift in Sources */,
				CC8880372A4DEBA500FF043F /* SignInViewController.swift in Sources */,
				CC8880482A4DF52C00FF043F /* MeetsViewController.swift in Sources */,
			);
			runOnlyForDeploymentPostprocessing = 0;
		};
/* End PBXSourcesBuildPhase section */

/* Begin PBXVariantGroup section */
		CC88800C2A4DBE4300FF043F /* Main.storyboard */ = {
			isa = PBXVariantGroup;
			children = (
				CC88800D2A4DBE4300FF043F /* Base */,
			);
			name = Main.storyboard;
			sourceTree = "<group>";
		};
		CC8880112A4DBE4400FF043F /* LaunchScreen.storyboard */ = {
			isa = PBXVariantGroup;
			children = (
				CC8880122A4DBE4400FF043F /* Base */,
			);
			name = LaunchScreen.storyboard;
			sourceTree = "<group>";
		};
/* End PBXVariantGroup section */

/* Begin XCBuildConfiguration section */
		CC8880152A4DBE4400FF043F /* Debug */ = {
			isa = XCBuildConfiguration;
			buildSettings = {
				ALWAYS_SEARCH_USER_PATHS = NO;
				CLANG_ANALYZER_NONNULL = YES;
				CLANG_ANALYZER_NUMBER_OBJECT_CONVERSION = YES_AGGRESSIVE;
				CLANG_CXX_LANGUAGE_STANDARD = "gnu++20";
				CLANG_ENABLE_MODULES = YES;
				CLANG_ENABLE_OBJC_ARC = YES;
				CLANG_ENABLE_OBJC_WEAK = YES;
				CLANG_WARN_BLOCK_CAPTURE_AUTORELEASING = YES;
				CLANG_WARN_BOOL_CONVERSION = YES;
				CLANG_WARN_COMMA = YES;
				CLANG_WARN_CONSTANT_CONVERSION = YES;
				CLANG_WARN_DEPRECATED_OBJC_IMPLEMENTATIONS = YES;
				CLANG_WARN_DIRECT_OBJC_ISA_USAGE = YES_ERROR;
				CLANG_WARN_DOCUMENTATION_COMMENTS = YES;
				CLANG_WARN_EMPTY_BODY = YES;
				CLANG_WARN_ENUM_CONVERSION = YES;
				CLANG_WARN_INFINITE_RECURSION = YES;
				CLANG_WARN_INT_CONVERSION = YES;
				CLANG_WARN_NON_LITERAL_NULL_CONVERSION = YES;
				CLANG_WARN_OBJC_IMPLICIT_RETAIN_SELF = YES;
				CLANG_WARN_OBJC_LITERAL_CONVERSION = YES;
				CLANG_WARN_OBJC_ROOT_CLASS = YES_ERROR;
				CLANG_WARN_QUOTED_INCLUDE_IN_FRAMEWORK_HEADER = YES;
				CLANG_WARN_RANGE_LOOP_ANALYSIS = YES;
				CLANG_WARN_STRICT_PROTOTYPES = YES;
				CLANG_WARN_SUSPICIOUS_MOVE = YES;
				CLANG_WARN_UNGUARDED_AVAILABILITY = YES_AGGRESSIVE;
				CLANG_WARN_UNREACHABLE_CODE = YES;
				CLANG_WARN__DUPLICATE_METHOD_MATCH = YES;
				COPY_PHASE_STRIP = NO;
				DEBUG_INFORMATION_FORMAT = dwarf;
				ENABLE_STRICT_OBJC_MSGSEND = YES;
				ENABLE_TESTABILITY = YES;
				GCC_C_LANGUAGE_STANDARD = gnu11;
				GCC_DYNAMIC_NO_PIC = NO;
				GCC_NO_COMMON_BLOCKS = YES;
				GCC_OPTIMIZATION_LEVEL = 0;
				GCC_PREPROCESSOR_DEFINITIONS = (
					"DEBUG=1",
					"$(inherited)",
				);
				GCC_WARN_64_TO_32_BIT_CONVERSION = YES;
				GCC_WARN_ABOUT_RETURN_TYPE = YES_ERROR;
				GCC_WARN_UNDECLARED_SELECTOR = YES;
				GCC_WARN_UNINITIALIZED_AUTOS = YES_AGGRESSIVE;
				GCC_WARN_UNUSED_FUNCTION = YES;
				GCC_WARN_UNUSED_VARIABLE = YES;
				IPHONEOS_DEPLOYMENT_TARGET = 16.4;
				MTL_ENABLE_DEBUG_INFO = INCLUDE_SOURCE;
				MTL_FAST_MATH = YES;
				ONLY_ACTIVE_ARCH = YES;
				SDKROOT = iphoneos;
				SWIFT_ACTIVE_COMPILATION_CONDITIONS = DEBUG;
				SWIFT_OPTIMIZATION_LEVEL = "-Onone";
			};
			name = Debug;
		};
		CC8880162A4DBE4400FF043F /* Release */ = {
			isa = XCBuildConfiguration;
			buildSettings = {
				ALWAYS_SEARCH_USER_PATHS = NO;
				CLANG_ANALYZER_NONNULL = YES;
				CLANG_ANALYZER_NUMBER_OBJECT_CONVERSION = YES_AGGRESSIVE;
				CLANG_CXX_LANGUAGE_STANDARD = "gnu++20";
				CLANG_ENABLE_MODULES = YES;
				CLANG_ENABLE_OBJC_ARC = YES;
				CLANG_ENABLE_OBJC_WEAK = YES;
				CLANG_WARN_BLOCK_CAPTURE_AUTORELEASING = YES;
				CLANG_WARN_BOOL_CONVERSION = YES;
				CLANG_WARN_COMMA = YES;
				CLANG_WARN_CONSTANT_CONVERSION = YES;
				CLANG_WARN_DEPRECATED_OBJC_IMPLEMENTATIONS = YES;
				CLANG_WARN_DIRECT_OBJC_ISA_USAGE = YES_ERROR;
				CLANG_WARN_DOCUMENTATION_COMMENTS = YES;
				CLANG_WARN_EMPTY_BODY = YES;
				CLANG_WARN_ENUM_CONVERSION = YES;
				CLANG_WARN_INFINITE_RECURSION = YES;
				CLANG_WARN_INT_CONVERSION = YES;
				CLANG_WARN_NON_LITERAL_NULL_CONVERSION = YES;
				CLANG_WARN_OBJC_IMPLICIT_RETAIN_SELF = YES;
				CLANG_WARN_OBJC_LITERAL_CONVERSION = YES;
				CLANG_WARN_OBJC_ROOT_CLASS = YES_ERROR;
				CLANG_WARN_QUOTED_INCLUDE_IN_FRAMEWORK_HEADER = YES;
				CLANG_WARN_RANGE_LOOP_ANALYSIS = YES;
				CLANG_WARN_STRICT_PROTOTYPES = YES;
				CLANG_WARN_SUSPICIOUS_MOVE = YES;
				CLANG_WARN_UNGUARDED_AVAILABILITY = YES_AGGRESSIVE;
				CLANG_WARN_UNREACHABLE_CODE = YES;
				CLANG_WARN__DUPLICATE_METHOD_MATCH = YES;
				COPY_PHASE_STRIP = NO;
				DEBUG_INFORMATION_FORMAT = "dwarf-with-dsym";
				ENABLE_NS_ASSERTIONS = NO;
				ENABLE_STRICT_OBJC_MSGSEND = YES;
				GCC_C_LANGUAGE_STANDARD = gnu11;
				GCC_NO_COMMON_BLOCKS = YES;
				GCC_WARN_64_TO_32_BIT_CONVERSION = YES;
				GCC_WARN_ABOUT_RETURN_TYPE = YES_ERROR;
				GCC_WARN_UNDECLARED_SELECTOR = YES;
				GCC_WARN_UNINITIALIZED_AUTOS = YES_AGGRESSIVE;
				GCC_WARN_UNUSED_FUNCTION = YES;
				GCC_WARN_UNUSED_VARIABLE = YES;
				IPHONEOS_DEPLOYMENT_TARGET = 16.4;
				MTL_ENABLE_DEBUG_INFO = NO;
				MTL_FAST_MATH = YES;
				SDKROOT = iphoneos;
				SWIFT_COMPILATION_MODE = wholemodule;
				SWIFT_OPTIMIZATION_LEVEL = "-O";
				VALIDATE_PRODUCT = YES;
			};
			name = Release;
		};
		CC8880182A4DBE4400FF043F /* Debug */ = {
			isa = XCBuildConfiguration;
			buildSettings = {
				ASSETCATALOG_COMPILER_APPICON_NAME = AppIcon;
				ASSETCATALOG_COMPILER_GLOBAL_ACCENT_COLOR_NAME = AccentColor;
				CODE_SIGN_STYLE = Automatic;
				CURRENT_PROJECT_VERSION = 1;
				DEVELOPMENT_TEAM = WS26NXG635;
				GENERATE_INFOPLIST_FILE = YES;
				INFOPLIST_FILE = Gmail/Info.plist;
				INFOPLIST_KEY_UIApplicationSupportsIndirectInputEvents = YES;
				INFOPLIST_KEY_UILaunchStoryboardName = LaunchScreen;
				INFOPLIST_KEY_UIMainStoryboardFile = Main;
				INFOPLIST_KEY_UISupportedInterfaceOrientations_iPad = "UIInterfaceOrientationPortrait UIInterfaceOrientationPortraitUpsideDown UIInterfaceOrientationLandscapeLeft UIInterfaceOrientationLandscapeRight";
				INFOPLIST_KEY_UISupportedInterfaceOrientations_iPhone = "UIInterfaceOrientationPortrait UIInterfaceOrientationLandscapeLeft UIInterfaceOrientationLandscapeRight";
				LD_RUNPATH_SEARCH_PATHS = (
					"$(inherited)",
					"@executable_path/Frameworks",
				);
				MARKETING_VERSION = 1.0;
				PRODUCT_BUNDLE_IDENTIFIER = iOS.Gmail;
				PRODUCT_NAME = "$(TARGET_NAME)";
				SWIFT_EMIT_LOC_STRINGS = YES;
				SWIFT_VERSION = 5.0;
				TARGETED_DEVICE_FAMILY = "1,2";
			};
			name = Debug;
		};
		CC8880192A4DBE4400FF043F /* Release */ = {
			isa = XCBuildConfiguration;
			buildSettings = {
				ASSETCATALOG_COMPILER_APPICON_NAME = AppIcon;
				ASSETCATALOG_COMPILER_GLOBAL_ACCENT_COLOR_NAME = AccentColor;
				CODE_SIGN_STYLE = Automatic;
				CURRENT_PROJECT_VERSION = 1;
				DEVELOPMENT_TEAM = WS26NXG635;
				GENERATE_INFOPLIST_FILE = YES;
				INFOPLIST_FILE = Gmail/Info.plist;
				INFOPLIST_KEY_UIApplicationSupportsIndirectInputEvents = YES;
				INFOPLIST_KEY_UILaunchStoryboardName = LaunchScreen;
				INFOPLIST_KEY_UIMainStoryboardFile = Main;
				INFOPLIST_KEY_UISupportedInterfaceOrientations_iPad = "UIInterfaceOrientationPortrait UIInterfaceOrientationPortraitUpsideDown UIInterfaceOrientationLandscapeLeft UIInterfaceOrientationLandscapeRight";
				INFOPLIST_KEY_UISupportedInterfaceOrientations_iPhone = "UIInterfaceOrientationPortrait UIInterfaceOrientationLandscapeLeft UIInterfaceOrientationLandscapeRight";
				LD_RUNPATH_SEARCH_PATHS = (
					"$(inherited)",
					"@executable_path/Frameworks",
				);
				MARKETING_VERSION = 1.0;
				PRODUCT_BUNDLE_IDENTIFIER = iOS.Gmail;
				PRODUCT_NAME = "$(TARGET_NAME)";
				SWIFT_EMIT_LOC_STRINGS = YES;
				SWIFT_VERSION = 5.0;
				TARGETED_DEVICE_FAMILY = "1,2";
			};
			name = Release;
		};
/* End XCBuildConfiguration section */

/* Begin XCConfigurationList section */
		CC887FFE2A4DBE4300FF043F /* Build configuration list for PBXProject "Gmail" */ = {
			isa = XCConfigurationList;
			buildConfigurations = (
				CC8880152A4DBE4400FF043F /* Debug */,
				CC8880162A4DBE4400FF043F /* Release */,
			);
			defaultConfigurationIsVisible = 0;
			defaultConfigurationName = Release;
		};
		CC8880172A4DBE4400FF043F /* Build configuration list for PBXNativeTarget "Gmail" */ = {
			isa = XCConfigurationList;
			buildConfigurations = (
				CC8880182A4DBE4400FF043F /* Debug */,
				CC8880192A4DBE4400FF043F /* Release */,
			);
			defaultConfigurationIsVisible = 0;
			defaultConfigurationName = Release;
		};
/* End XCConfigurationList section */
	};
	rootObject = CC887FFB2A4DBE4300FF043F /* Project object */;
}
